
Microsoft Visual Studio Solution File, Format Version 12.00
# Visual Studio Version 17
VisualStudioVersion = 17.2.32516.85
MinimumVisualStudioVersion = 10.0.40219.1
Project("{FAE04EC0-301F-11D3-BF4B-00C04F79EFBC}") = "DateTime", "DateTime.csproj", "{BFC32F26-A73A-4048-A567-D9B9ACE3D68E}"
EndProject
Global
	GlobalSection(SolutionConfigurationPlatforms) = preSolution
		Debug|Any CPU = Debug|Any CPU
		Release|Any CPU = Release|Any CPU
	EndGlobalSection
	GlobalSection(ProjectConfigurationPlatforms) = postSolution
		{BFC32F26-A73A-4048-A567-D9B9ACE3D68E}.Debug|Any CPU.ActiveCfg = Debug|Any CPU
		{BFC32F26-A73A-4048-A567-D9B9ACE3D68E}.Debug|Any CPU.Build.0 = Debug|Any CPU
		{BFC32F26-A73A-4048-A567-D9B9ACE3D68E}.Release|Any CPU.ActiveCfg = Release|Any CPU
		{BFC32F26-A73A-4048-A567-D9B9ACE3D68E}.Release|Any CPU.Build.0 = Release|Any CPU
	EndGlobalSection
	GlobalSection(SolutionProperties) = preSolution
		HideSolutionNode = FALSE
	EndGlobalSection
	GlobalSection(ExtensibilityGlobals) = postSolution
		SolutionGuid = {E7CF67AD-3D02-4578-8678-D2DDC7E02658}
	EndGlobalSection
EndGlobal
